
Microsoft Visual Studio Solution File, Format Version 12.00
# Visual Studio Version 17
VisualStudioVersion = 17.0.31903.59
MinimumVisualStudioVersion = 10.0.40219.1
Project("{FAE04EC0-301F-11D3-BF4B-00C04F79EFBC}") = "Calculadora_basica", "Calculadora_basica\Calculadora_basica.csproj", "{F9DF7B39-8104-4A5C-8549-46895A8FEDBF}"
EndProject
Project("{FAE04EC0-301F-11D3-BF4B-00C04F79EFBC}") = "Ecuaciones", "Ecuaciones\Ecuaciones.csproj", "{E760D10F-2E52-4ACA-9356-ACDE9AAFEC46}"
EndProject
Project("{FAE04EC0-301F-11D3-BF4B-00C04F79EFBC}") = "Metodo_biseccion", "Metodo_biseccion\Metodo_biseccion.csproj", "{6B01650D-C5A9-4F7B-87C0-BB4BBC2FBF25}"
EndProject
Project("{FAE04EC0-301F-11D3-BF4B-00C04F79EFBC}") = "Eliminacion_gauss", "Eliminacion_gauss\Eliminacion_gauss.csproj", "{AFD9EBAE-EC55-4893-B233-36BDE7D25AE6}"
EndProject
Project("{FAE04EC0-301F-11D3-BF4B-00C04F79EFBC}") = "Evidencia1", "Evidencia1\Evidencia1.csproj", "{0C10C32D-F603-441E-9440-1C8ED2DF7026}"
EndProject
Project("{FAE04EC0-301F-11D3-BF4B-00C04F79EFBC}") = "Metodo_trapecio", "Metodo_trapecio\Metodo_trapecio.csproj", "{4D6A969B-09A8-4F05-8303-6D7F666E9EA4}"
EndProject
Project("{FAE04EC0-301F-11D3-BF4B-00C04F79EFBC}") = "Sistema_ecuaciones", "Sistema_ecuaciones\Sistema_ecuaciones.csproj", "{746D2DB4-F57A-4F89-8853-85B0A8E1E155}"
EndProject
Project("{FAE04EC0-301F-11D3-BF4B-00C04F79EFBC}") = "Metodo_Newton_Raphson", "Metodo_Newton_Raphson\Metodo_Newton_Raphson.csproj", "{12B56F3A-8741-4C35-AE0A-C45498C2E99A}"
EndProject
Project("{FAE04EC0-301F-11D3-BF4B-00C04F79EFBC}") = "Metodo_secante", "Metodo_secante\Metodo_secante.csproj", "{48BB10CE-4B42-40EF-A3EB-2EFE52D6AA5F}"
EndProject
Project("{FAE04EC0-301F-11D3-BF4B-00C04F79EFBC}") = "Metodo_rectangulos", "Metodo_rectangulos\Metodo_rectangulos.csproj", "{A9A49D98-12AC-492C-A4B5-CB5FBABDA0B7}"
EndProject
Project("{FAE04EC0-301F-11D3-BF4B-00C04F79EFBC}") = "3", "Metodo_Simpson_1\3\3.csproj", "{73F483C9-007B-40C7-A62B-37A8B8553DD0}"
EndProject
Project("{FAE04EC0-301F-11D3-BF4B-00C04F79EFBC}") = "Metodo_Simpson_un_tercio", "Metodo_Simpson_un_tercio\Metodo_Simpson_un_tercio.csproj", "{3872D575-AD5F-4E2A-9855-BC22B1BD19FB}"
EndProject
Project("{FAE04EC0-301F-11D3-BF4B-00C04F79EFBC}") = "Metodo_Runge_Kutta", "Metodo_Runge_Kutta\Metodo_Runge_Kutta.csproj", "{29763355-5AF9-4570-B9CD-7BD767CCA6F1}"
EndProject
Global
	GlobalSection(SolutionConfigurationPlatforms) = preSolution
		Debug|Any CPU = Debug|Any CPU
		Release|Any CPU = Release|Any CPU
	EndGlobalSection
	GlobalSection(SolutionProperties) = preSolution
		HideSolutionNode = FALSE
	EndGlobalSection
	GlobalSection(ProjectConfigurationPlatforms) = postSolution
		{F9DF7B39-8104-4A5C-8549-46895A8FEDBF}.Debug|Any CPU.ActiveCfg = Debug|Any CPU
		{F9DF7B39-8104-4A5C-8549-46895A8FEDBF}.Debug|Any CPU.Build.0 = Debug|Any CPU
		{F9DF7B39-8104-4A5C-8549-46895A8FEDBF}.Release|Any CPU.ActiveCfg = Release|Any CPU
		{F9DF7B39-8104-4A5C-8549-46895A8FEDBF}.Release|Any CPU.Build.0 = Release|Any CPU
		{E760D10F-2E52-4ACA-9356-ACDE9AAFEC46}.Debug|Any CPU.ActiveCfg = Debug|Any CPU
		{E760D10F-2E52-4ACA-9356-ACDE9AAFEC46}.Debug|Any CPU.Build.0 = Debug|Any CPU
		{E760D10F-2E52-4ACA-9356-ACDE9AAFEC46}.Release|Any CPU.ActiveCfg = Release|Any CPU
		{E760D10F-2E52-4ACA-9356-ACDE9AAFEC46}.Release|Any CPU.Build.0 = Release|Any CPU
		{6B01650D-C5A9-4F7B-87C0-BB4BBC2FBF25}.Debug|Any CPU.ActiveCfg = Debug|Any CPU
		{6B01650D-C5A9-4F7B-87C0-BB4BBC2FBF25}.Debug|Any CPU.Build.0 = Debug|Any CPU
		{6B01650D-C5A9-4F7B-87C0-BB4BBC2FBF25}.Release|Any CPU.ActiveCfg = Release|Any CPU
		{6B01650D-C5A9-4F7B-87C0-BB4BBC2FBF25}.Release|Any CPU.Build.0 = Release|Any CPU
		{AFD9EBAE-EC55-4893-B233-36BDE7D25AE6}.Debug|Any CPU.ActiveCfg = Debug|Any CPU
		{AFD9EBAE-EC55-4893-B233-36BDE7D25AE6}.Debug|Any CPU.Build.0 = Debug|Any CPU
		{AFD9EBAE-EC55-4893-B233-36BDE7D25AE6}.Release|Any CPU.ActiveCfg = Release|Any CPU
		{AFD9EBAE-EC55-4893-B233-36BDE7D25AE6}.Release|Any CPU.Build.0 = Release|Any CPU
		{0C10C32D-F603-441E-9440-1C8ED2DF7026}.Debug|Any CPU.ActiveCfg = Debug|Any CPU
		{0C10C32D-F603-441E-9440-1C8ED2DF7026}.Debug|Any CPU.Build.0 = Debug|Any CPU
		{0C10C32D-F603-441E-9440-1C8ED2DF7026}.Release|Any CPU.ActiveCfg = Release|Any CPU
		{0C10C32D-F603-441E-9440-1C8ED2DF7026}.Release|Any CPU.Build.0 = Release|Any CPU
		{4D6A969B-09A8-4F05-8303-6D7F666E9EA4}.Debug|Any CPU.ActiveCfg = Debug|Any CPU
		{4D6A969B-09A8-4F05-8303-6D7F666E9EA4}.Debug|Any CPU.Build.0 = Debug|Any CPU
		{4D6A969B-09A8-4F05-8303-6D7F666E9EA4}.Release|Any CPU.ActiveCfg = Release|Any CPU
		{4D6A969B-09A8-4F05-8303-6D7F666E9EA4}.Release|Any CPU.Build.0 = Release|Any CPU
		{746D2DB4-F57A-4F89-8853-85B0A8E1E155}.Debug|Any CPU.ActiveCfg = Debug|Any CPU
		{746D2DB4-F57A-4F89-8853-85B0A8E1E155}.Debug|Any CPU.Build.0 = Debug|Any CPU
		{746D2DB4-F57A-4F89-8853-85B0A8E1E155}.Release|Any CPU.ActiveCfg = Release|Any CPU
		{746D2DB4-F57A-4F89-8853-85B0A8E1E155}.Release|Any CPU.Build.0 = Release|Any CPU
		{12B56F3A-8741-4C35-AE0A-C45498C2E99A}.Debug|Any CPU.ActiveCfg = Debug|Any CPU
		{12B56F3A-8741-4C35-AE0A-C45498C2E99A}.Debug|Any CPU.Build.0 = Debug|Any CPU
		{12B56F3A-8741-4C35-AE0A-C45498C2E99A}.Release|Any CPU.ActiveCfg = Release|Any CPU
		{12B56F3A-8741-4C35-AE0A-C45498C2E99A}.Release|Any CPU.Build.0 = Release|Any CPU
		{48BB10CE-4B42-40EF-A3EB-2EFE52D6AA5F}.Debug|Any CPU.ActiveCfg = Debug|Any CPU
		{48BB10CE-4B42-40EF-A3EB-2EFE52D6AA5F}.Debug|Any CPU.Build.0 = Debug|Any CPU
		{48BB10CE-4B42-40EF-A3EB-2EFE52D6AA5F}.Release|Any CPU.ActiveCfg = Release|Any CPU
		{48BB10CE-4B42-40EF-A3EB-2EFE52D6AA5F}.Release|Any CPU.Build.0 = Release|Any CPU
		{A9A49D98-12AC-492C-A4B5-CB5FBABDA0B7}.Debug|Any CPU.ActiveCfg = Debug|Any CPU
		{A9A49D98-12AC-492C-A4B5-CB5FBABDA0B7}.Debug|Any CPU.Build.0 = Debug|Any CPU
		{A9A49D98-12AC-492C-A4B5-CB5FBABDA0B7}.Release|Any CPU.ActiveCfg = Release|Any CPU
		{A9A49D98-12AC-492C-A4B5-CB5FBABDA0B7}.Release|Any CPU.Build.0 = Release|Any CPU
		{73F483C9-007B-40C7-A62B-37A8B8553DD0}.Debug|Any CPU.ActiveCfg = Debug|Any CPU
		{73F483C9-007B-40C7-A62B-37A8B8553DD0}.Debug|Any CPU.Build.0 = Debug|Any CPU
		{73F483C9-007B-40C7-A62B-37A8B8553DD0}.Release|Any CPU.ActiveCfg = Release|Any CPU
		{73F483C9-007B-40C7-A62B-37A8B8553DD0}.Release|Any CPU.Build.0 = Release|Any CPU
		{3872D575-AD5F-4E2A-9855-BC22B1BD19FB}.Debug|Any CPU.ActiveCfg = Debug|Any CPU
		{3872D575-AD5F-4E2A-9855-BC22B1BD19FB}.Debug|Any CPU.Build.0 = Debug|Any CPU
		{3872D575-AD5F-4E2A-9855-BC22B1BD19FB}.Release|Any CPU.ActiveCfg = Release|Any CPU
		{3872D575-AD5F-4E2A-9855-BC22B1BD19FB}.Release|Any CPU.Build.0 = Release|Any CPU
		{29763355-5AF9-4570-B9CD-7BD767CCA6F1}.Debug|Any CPU.ActiveCfg = Debug|Any CPU
		{29763355-5AF9-4570-B9CD-7BD767CCA6F1}.Debug|Any CPU.Build.0 = Debug|Any CPU
		{29763355-5AF9-4570-B9CD-7BD767CCA6F1}.Release|Any CPU.ActiveCfg = Release|Any CPU
		{29763355-5AF9-4570-B9CD-7BD767CCA6F1}.Release|Any CPU.Build.0 = Release|Any CPU
	EndGlobalSection
	GlobalSection(NestedProjects) = preSolution
		{73F483C9-007B-40C7-A62B-37A8B8553DD0} = {E748FFD6-D3B2-4E38-8A55-145EAC3C84B9}
	EndGlobalSection
EndGlobal
